
Microsoft Visual Studio Solution File, Format Version 12.00
# Visual Studio Version 16
VisualStudioVersion = 16.0.33328.57
MinimumVisualStudioVersion = 10.0.40219.1
Project("{8BC9CEB8-8B4A-11D0-8D11-00A0C91BC942}") = "study", "study\study.vcxproj", "{78FF56DD-EBFF-4E7F-91A6-48232186F6E8}"
EndProject
Project("{8BC9CEB8-8B4A-11D0-8D11-00A0C91BC942}") = "Array", "Array\Array.vcxproj", "{EB839568-9A20-4E49-B853-449B229F55FA}"
EndProject
Project("{8BC9CEB8-8B4A-11D0-8D11-00A0C91BC942}") = "LinkedList", "LinkedList\LinkedList.vcxproj", "{93D2FC60-C8F3-4CF5-B0F6-D64ED753F205}"
EndProject
Project("{8BC9CEB8-8B4A-11D0-8D11-00A0C91BC942}") = "Stack", "Stack\Stack.vcxproj", "{8F040286-D5C4-44F7-83C0-A203FD241AD2}"
EndProject
Project("{8BC9CEB8-8B4A-11D0-8D11-00A0C91BC942}") = "Queue", "Queue\Queue.vcxproj", "{B437639B-2C3A-4B84-AF31-5014B6109863}"
EndProject
Project("{8BC9CEB8-8B4A-11D0-8D11-00A0C91BC942}") = "Deque", "Deque\Deque.vcxproj", "{57419B76-515B-4AA0-B355-BE98EE17DB41}"
EndProject
Project("{8BC9CEB8-8B4A-11D0-8D11-00A0C91BC942}") = "Parentheses", "Parentheses\Parentheses.vcxproj", "{7D01B062-B548-46A6-8392-9A40F17DAF18}"
EndProject
Project("{8BC9CEB8-8B4A-11D0-8D11-00A0C91BC942}") = "BFS", "BFS\BFS.vcxproj", "{04BCCBA7-1C19-4A5C-A476-05A28E177C1B}"
EndProject
Project("{8BC9CEB8-8B4A-11D0-8D11-00A0C91BC942}") = "DFS", "DFS\DFS.vcxproj", "{474F2E43-786D-485D-9916-BC19B6976230}"
EndProject
Project("{8BC9CEB8-8B4A-11D0-8D11-00A0C91BC942}") = "Recursion", "Recursion\Recursion.vcxproj", "{E6CF7FBD-E669-4DA4-87F4-119088C10424}"
EndProject
Project("{8BC9CEB8-8B4A-11D0-8D11-00A0C91BC942}") = "Simulation", "Simulation\Simulation.vcxproj", "{630C66CD-1CBA-4A8D-9F28-D17D453B6C67}"
EndProject
Project("{8BC9CEB8-8B4A-11D0-8D11-00A0C91BC942}") = "BackTracking", "BackTracking\BackTracking.vcxproj", "{F9D0EC41-F03B-4190-A5B8-085A23C56796}"
EndProject
Project("{8BC9CEB8-8B4A-11D0-8D11-00A0C91BC942}") = "Sort1", "Sort1\Sort1.vcxproj", "{C6A611E5-BDBE-41C1-AB12-D0D8C7E03881}"
EndProject
Project("{8BC9CEB8-8B4A-11D0-8D11-00A0C91BC942}") = "String", "String\String.vcxproj", "{4EC22018-2C60-4D61-A327-291F5119B7DF}"
EndProject
Project("{8BC9CEB8-8B4A-11D0-8D11-00A0C91BC942}") = "DP", "DP\DP.vcxproj", "{A04DFC10-CAF8-433C-90A6-C34259D1E79D}"
EndProject
Project("{8BC9CEB8-8B4A-11D0-8D11-00A0C91BC942}") = "ea_winter_2022", "ea_winter_2022\ea_winter_2022.vcxproj", "{17BA62C0-7EE8-4A3F-BF07-22843B04B5C3}"
EndProject
Project("{8BC9CEB8-8B4A-11D0-8D11-00A0C91BC942}") = "2023SGDT", "2023SGDT\2023SGDT.vcxproj", "{C9571315-D77F-4546-A253-443206ED8629}"
EndProject
Project("{8BC9CEB8-8B4A-11D0-8D11-00A0C91BC942}") = "Sort2", "Sort2\Sort2.vcxproj", "{83C283F0-AA41-49FF-A48C-DF1DB7396338}"
EndProject
Global
	GlobalSection(SolutionConfigurationPlatforms) = preSolution
		Debug|x64 = Debug|x64
		Debug|x86 = Debug|x86
		Release|x64 = Release|x64
		Release|x86 = Release|x86
	EndGlobalSection
	GlobalSection(ProjectConfigurationPlatforms) = postSolution
		{78FF56DD-EBFF-4E7F-91A6-48232186F6E8}.Debug|x64.ActiveCfg = Debug|x64
		{78FF56DD-EBFF-4E7F-91A6-48232186F6E8}.Debug|x64.Build.0 = Debug|x64
		{78FF56DD-EBFF-4E7F-91A6-48232186F6E8}.Debug|x86.ActiveCfg = Debug|Win32
		{78FF56DD-EBFF-4E7F-91A6-48232186F6E8}.Debug|x86.Build.0 = Debug|Win32
		{78FF56DD-EBFF-4E7F-91A6-48232186F6E8}.Release|x64.ActiveCfg = Release|x64
		{78FF56DD-EBFF-4E7F-91A6-48232186F6E8}.Release|x64.Build.0 = Release|x64
		{78FF56DD-EBFF-4E7F-91A6-48232186F6E8}.Release|x86.ActiveCfg = Release|Win32
		{78FF56DD-EBFF-4E7F-91A6-48232186F6E8}.Release|x86.Build.0 = Release|Win32
		{EB839568-9A20-4E49-B853-449B229F55FA}.Debug|x64.ActiveCfg = Debug|x64
		{EB839568-9A20-4E49-B853-449B229F55FA}.Debug|x64.Build.0 = Debug|x64
		{EB839568-9A20-4E49-B853-449B229F55FA}.Debug|x86.ActiveCfg = Debug|Win32
		{EB839568-9A20-4E49-B853-449B229F55FA}.Debug|x86.Build.0 = Debug|Win32
		{EB839568-9A20-4E49-B853-449B229F55FA}.Release|x64.ActiveCfg = Release|x64
		{EB839568-9A20-4E49-B853-449B229F55FA}.Release|x64.Build.0 = Release|x64
		{EB839568-9A20-4E49-B853-449B229F55FA}.Release|x86.ActiveCfg = Release|Win32
		{EB839568-9A20-4E49-B853-449B229F55FA}.Release|x86.Build.0 = Release|Win32
		{93D2FC60-C8F3-4CF5-B0F6-D64ED753F205}.Debug|x64.ActiveCfg = Debug|x64
		{93D2FC60-C8F3-4CF5-B0F6-D64ED753F205}.Debug|x64.Build.0 = Debug|x64
		{93D2FC60-C8F3-4CF5-B0F6-D64ED753F205}.Debug|x86.ActiveCfg = Debug|Win32
		{93D2FC60-C8F3-4CF5-B0F6-D64ED753F205}.Debug|x86.Build.0 = Debug|Win32
		{93D2FC60-C8F3-4CF5-B0F6-D64ED753F205}.Release|x64.ActiveCfg = Release|x64
		{93D2FC60-C8F3-4CF5-B0F6-D64ED753F205}.Release|x64.Build.0 = Release|x64
		{93D2FC60-C8F3-4CF5-B0F6-D64ED753F205}.Release|x86.ActiveCfg = Release|Win32
		{93D2FC60-C8F3-4CF5-B0F6-D64ED753F205}.Release|x86.Build.0 = Release|Win32
		{8F040286-D5C4-44F7-83C0-A203FD241AD2}.Debug|x64.ActiveCfg = Debug|x64
		{8F040286-D5C4-44F7-83C0-A203FD241AD2}.Debug|x64.Build.0 = Debug|x64
		{8F040286-D5C4-44F7-83C0-A203FD241AD2}.Debug|x86.ActiveCfg = Debug|Win32
		{8F040286-D5C4-44F7-83C0-A203FD241AD2}.Debug|x86.Build.0 = Debug|Win32
		{8F040286-D5C4-44F7-83C0-A203FD241AD2}.Release|x64.ActiveCfg = Release|x64
		{8F040286-D5C4-44F7-83C0-A203FD241AD2}.Release|x64.Build.0 = Release|x64
		{8F040286-D5C4-44F7-83C0-A203FD241AD2}.Release|x86.ActiveCfg = Release|Win32
		{8F040286-D5C4-44F7-83C0-A203FD241AD2}.Release|x86.Build.0 = Release|Win32
		{B437639B-2C3A-4B84-AF31-5014B6109863}.Debug|x64.ActiveCfg = Debug|x64
		{B437639B-2C3A-4B84-AF31-5014B6109863}.Debug|x64.Build.0 = Debug|x64
		{B437639B-2C3A-4B84-AF31-5014B6109863}.Debug|x86.ActiveCfg = Debug|Win32
		{B437639B-2C3A-4B84-AF31-5014B6109863}.Debug|x86.Build.0 = Debug|Win32
		{B437639B-2C3A-4B84-AF31-5014B6109863}.Release|x64.ActiveCfg = Release|x64
		{B437639B-2C3A-4B84-AF31-5014B6109863}.Release|x64.Build.0 = Release|x64
		{B437639B-2C3A-4B84-AF31-5014B6109863}.Release|x86.ActiveCfg = Release|Win32
		{B437639B-2C3A-4B84-AF31-5014B6109863}.Release|x86.Build.0 = Release|Win32
		{57419B76-515B-4AA0-B355-BE98EE17DB41}.Debug|x64.ActiveCfg = Debug|x64
		{57419B76-515B-4AA0-B355-BE98EE17DB41}.Debug|x64.Build.0 = Debug|x64
		{57419B76-515B-4AA0-B355-BE98EE17DB41}.Debug|x86.ActiveCfg = Debug|Win32
		{57419B76-515B-4AA0-B355-BE98EE17DB41}.Debug|x86.Build.0 = Debug|Win32
		{57419B76-515B-4AA0-B355-BE98EE17DB41}.Release|x64.ActiveCfg = Release|x64
		{57419B76-515B-4AA0-B355-BE98EE17DB41}.Release|x64.Build.0 = Release|x64
		{57419B76-515B-4AA0-B355-BE98EE17DB41}.Release|x86.ActiveCfg = Release|Win32
		{57419B76-515B-4AA0-B355-BE98EE17DB41}.Release|x86.Build.0 = Release|Win32
		{7D01B062-B548-46A6-8392-9A40F17DAF18}.Debug|x64.ActiveCfg = Debug|x64
		{7D01B062-B548-46A6-8392-9A40F17DAF18}.Debug|x64.Build.0 = Debug|x64
		{7D01B062-B548-46A6-8392-9A40F17DAF18}.Debug|x86.ActiveCfg = Debug|Win32
		{7D01B062-B548-46A6-8392-9A40F17DAF18}.Debug|x86.Build.0 = Debug|Win32
		{7D01B062-B548-46A6-8392-9A40F17DAF18}.Release|x64.ActiveCfg = Release|x64
		{7D01B062-B548-46A6-8392-9A40F17DAF18}.Release|x64.Build.0 = Release|x64
		{7D01B062-B548-46A6-8392-9A40F17DAF18}.Release|x86.ActiveCfg = Release|Win32
		{7D01B062-B548-46A6-8392-9A40F17DAF18}.Release|x86.Build.0 = Release|Win32
		{04BCCBA7-1C19-4A5C-A476-05A28E177C1B}.Debug|x64.ActiveCfg = Debug|x64
		{04BCCBA7-1C19-4A5C-A476-05A28E177C1B}.Debug|x64.Build.0 = Debug|x64
		{04BCCBA7-1C19-4A5C-A476-05A28E177C1B}.Debug|x86.ActiveCfg = Debug|Win32
		{04BCCBA7-1C19-4A5C-A476-05A28E177C1B}.Debug|x86.Build.0 = Debug|Win32
		{04BCCBA7-1C19-4A5C-A476-05A28E177C1B}.Release|x64.ActiveCfg = Release|x64
		{04BCCBA7-1C19-4A5C-A476-05A28E177C1B}.Release|x64.Build.0 = Release|x64
		{04BCCBA7-1C19-4A5C-A476-05A28E177C1B}.Release|x86.ActiveCfg = Release|Win32
		{04BCCBA7-1C19-4A5C-A476-05A28E177C1B}.Release|x86.Build.0 = Release|Win32
		{474F2E43-786D-485D-9916-BC19B6976230}.Debug|x64.ActiveCfg = Debug|x64
		{474F2E43-786D-485D-9916-BC19B6976230}.Debug|x64.Build.0 = Debug|x64
		{474F2E43-786D-485D-9916-BC19B6976230}.Debug|x86.ActiveCfg = Debug|Win32
		{474F2E43-786D-485D-9916-BC19B6976230}.Debug|x86.Build.0 = Debug|Win32
		{474F2E43-786D-485D-9916-BC19B6976230}.Release|x64.ActiveCfg = Release|x64
		{474F2E43-786D-485D-9916-BC19B6976230}.Release|x64.Build.0 = Release|x64
		{474F2E43-786D-485D-9916-BC19B6976230}.Release|x86.ActiveCfg = Release|Win32
		{474F2E43-786D-485D-9916-BC19B6976230}.Release|x86.Build.0 = Release|Win32
		{E6CF7FBD-E669-4DA4-87F4-119088C10424}.Debug|x64.ActiveCfg = Debug|x64
		{E6CF7FBD-E669-4DA4-87F4-119088C10424}.Debug|x64.Build.0 = Debug|x64
		{E6CF7FBD-E669-4DA4-87F4-119088C10424}.Debug|x86.ActiveCfg = Debug|Win32
		{E6CF7FBD-E669-4DA4-87F4-119088C10424}.Debug|x86.Build.0 = Debug|Win32
		{E6CF7FBD-E669-4DA4-87F4-119088C10424}.Release|x64.ActiveCfg = Release|x64
		{E6CF7FBD-E669-4DA4-87F4-119088C10424}.Release|x64.Build.0 = Release|x64
		{E6CF7FBD-E669-4DA4-87F4-119088C10424}.Release|x86.ActiveCfg = Release|Win32
		{E6CF7FBD-E669-4DA4-87F4-119088C10424}.Release|x86.Build.0 = Release|Win32
		{630C66CD-1CBA-4A8D-9F28-D17D453B6C67}.Debug|x64.ActiveCfg = Debug|x64
		{630C66CD-1CBA-4A8D-9F28-D17D453B6C67}.Debug|x64.Build.0 = Debug|x64
		{630C66CD-1CBA-4A8D-9F28-D17D453B6C67}.Debug|x86.ActiveCfg = Debug|Win32
		{630C66CD-1CBA-4A8D-9F28-D17D453B6C67}.Debug|x86.Build.0 = Debug|Win32
		{630C66CD-1CBA-4A8D-9F28-D17D453B6C67}.Release|x64.ActiveCfg = Release|x64
		{630C66CD-1CBA-4A8D-9F28-D17D453B6C67}.Release|x64.Build.0 = Release|x64
		{630C66CD-1CBA-4A8D-9F28-D17D453B6C67}.Release|x86.ActiveCfg = Release|Win32
		{630C66CD-1CBA-4A8D-9F28-D17D453B6C67}.Release|x86.Build.0 = Release|Win32
		{F9D0EC41-F03B-4190-A5B8-085A23C56796}.Debug|x64.ActiveCfg = Debug|x64
		{F9D0EC41-F03B-4190-A5B8-085A23C56796}.Debug|x64.Build.0 = Debug|x64
		{F9D0EC41-F03B-4190-A5B8-085A23C56796}.Debug|x86.ActiveCfg = Debug|Win32
		{F9D0EC41-F03B-4190-A5B8-085A23C56796}.Debug|x86.Build.0 = Debug|Win32
		{F9D0EC41-F03B-4190-A5B8-085A23C56796}.Release|x64.ActiveCfg = Release|x64
		{F9D0EC41-F03B-4190-A5B8-085A23C56796}.Release|x64.Build.0 = Release|x64
		{F9D0EC41-F03B-4190-A5B8-085A23C56796}.Release|x86.ActiveCfg = Release|Win32
		{F9D0EC41-F03B-4190-A5B8-085A23C56796}.Release|x86.Build.0 = Release|Win32
		{C6A611E5-BDBE-41C1-AB12-D0D8C7E03881}.Debug|x64.ActiveCfg = Debug|x64
		{C6A611E5-BDBE-41C1-AB12-D0D8C7E03881}.Debug|x64.Build.0 = Debug|x64
		{C6A611E5-BDBE-41C1-AB12-D0D8C7E03881}.Debug|x86.ActiveCfg = Debug|Win32
		{C6A611E5-BDBE-41C1-AB12-D0D8C7E03881}.Debug|x86.Build.0 = Debug|Win32
		{C6A611E5-BDBE-41C1-AB12-D0D8C7E03881}.Release|x64.ActiveCfg = Release|x64
		{C6A611E5-BDBE-41C1-AB12-D0D8C7E03881}.Release|x64.Build.0 = Release|x64
		{C6A611E5-BDBE-41C1-AB12-D0D8C7E03881}.Release|x86.ActiveCfg = Release|Win32
		{C6A611E5-BDBE-41C1-AB12-D0D8C7E03881}.Release|x86.Build.0 = Release|Win32
		{4EC22018-2C60-4D61-A327-291F5119B7DF}.Debug|x64.ActiveCfg = Debug|x64
		{4EC22018-2C60-4D61-A327-291F5119B7DF}.Debug|x64.Build.0 = Debug|x64
		{4EC22018-2C60-4D61-A327-291F5119B7DF}.Debug|x86.ActiveCfg = Debug|Win32
		{4EC22018-2C60-4D61-A327-291F5119B7DF}.Debug|x86.Build.0 = Debug|Win32
		{4EC22018-2C60-4D61-A327-291F5119B7DF}.Release|x64.ActiveCfg = Release|x64
		{4EC22018-2C60-4D61-A327-291F5119B7DF}.Release|x64.Build.0 = Release|x64
		{4EC22018-2C60-4D61-A327-291F5119B7DF}.Release|x86.ActiveCfg = Release|Win32
		{4EC22018-2C60-4D61-A327-291F5119B7DF}.Release|x86.Build.0 = Release|Win32
		{A04DFC10-CAF8-433C-90A6-C34259D1E79D}.Debug|x64.ActiveCfg = Debug|x64
		{A04DFC10-CAF8-433C-90A6-C34259D1E79D}.Debug|x64.Build.0 = Debug|x64
		{A04DFC10-CAF8-433C-90A6-C34259D1E79D}.Debug|x86.ActiveCfg = Debug|Win32
		{A04DFC10-CAF8-433C-90A6-C34259D1E79D}.Debug|x86.Build.0 = Debug|Win32
		{A04DFC10-CAF8-433C-90A6-C34259D1E79D}.Release|x64.ActiveCfg = Release|x64
		{A04DFC10-CAF8-433C-90A6-C34259D1E79D}.Release|x64.Build.0 = Release|x64
		{A04DFC10-CAF8-433C-90A6-C34259D1E79D}.Release|x86.ActiveCfg = Release|Win32
		{A04DFC10-CAF8-433C-90A6-C34259D1E79D}.Release|x86.Build.0 = Release|Win32
		{17BA62C0-7EE8-4A3F-BF07-22843B04B5C3}.Debug|x64.ActiveCfg = Debug|x64
		{17BA62C0-7EE8-4A3F-BF07-22843B04B5C3}.Debug|x64.Build.0 = Debug|x64
		{17BA62C0-7EE8-4A3F-BF07-22843B04B5C3}.Debug|x86.ActiveCfg = Debug|Win32
		{17BA62C0-7EE8-4A3F-BF07-22843B04B5C3}.Debug|x86.Build.0 = Debug|Win32
		{17BA62C0-7EE8-4A3F-BF07-22843B04B5C3}.Release|x64.ActiveCfg = Release|x64
		{17BA62C0-7EE8-4A3F-BF07-22843B04B5C3}.Release|x64.Build.0 = Release|x64
		{17BA62C0-7EE8-4A3F-BF07-22843B04B5C3}.Release|x86.ActiveCfg = Release|Win32
		{17BA62C0-7EE8-4A3F-BF07-22843B04B5C3}.Release|x86.Build.0 = Release|Win32
		{C9571315-D77F-4546-A253-443206ED8629}.Debug|x64.ActiveCfg = Debug|x64
		{C9571315-D77F-4546-A253-443206ED8629}.Debug|x64.Build.0 = Debug|x64
		{C9571315-D77F-4546-A253-443206ED8629}.Debug|x86.ActiveCfg = Debug|Win32
		{C9571315-D77F-4546-A253-443206ED8629}.Debug|x86.Build.0 = Debug|Win32
		{C9571315-D77F-4546-A253-443206ED8629}.Release|x64.ActiveCfg = Release|x64
		{C9571315-D77F-4546-A253-443206ED8629}.Release|x64.Build.0 = Release|x64
		{C9571315-D77F-4546-A253-443206ED8629}.Release|x86.ActiveCfg = Release|Win32
		{C9571315-D77F-4546-A253-443206ED8629}.Release|x86.Build.0 = Release|Win32
		{83C283F0-AA41-49FF-A48C-DF1DB7396338}.Debug|x64.ActiveCfg = Debug|x64
		{83C283F0-AA41-49FF-A48C-DF1DB7396338}.Debug|x64.Build.0 = Debug|x64
		{83C283F0-AA41-49FF-A48C-DF1DB7396338}.Debug|x86.ActiveCfg = Debug|Win32
		{83C283F0-AA41-49FF-A48C-DF1DB7396338}.Debug|x86.Build.0 = Debug|Win32
		{83C283F0-AA41-49FF-A48C-DF1DB7396338}.Release|x64.ActiveCfg = Release|x64
		{83C283F0-AA41-49FF-A48C-DF1DB7396338}.Release|x64.Build.0 = Release|x64
		{83C283F0-AA41-49FF-A48C-DF1DB7396338}.Release|x86.ActiveCfg = Release|Win32
		{83C283F0-AA41-49FF-A48C-DF1DB7396338}.Release|x86.Build.0 = Release|Win32
	EndGlobalSection
	GlobalSection(SolutionProperties) = preSolution
		HideSolutionNode = FALSE
	EndGlobalSection
	GlobalSection(ExtensibilityGlobals) = postSolution
		SolutionGuid = {49DAE345-6A31-491A-B64F-993A9F651BAA}
	EndGlobalSection
EndGlobal
